
Microsoft Visual Studio Solution File, Format Version 12.00
# Visual Studio Version 16
VisualStudioVersion = 16.0.31313.79
MinimumVisualStudioVersion = 10.0.40219.1
Project("{FAE04EC0-301F-11D3-BF4B-00C04F79EFBC}") = "Problem 1", "22. LINQ\Problem 1.csproj", "{D276B445-71B5-4AB9-8136-CFC58E0203AB}"
EndProject
Project("{FAE04EC0-301F-11D3-BF4B-00C04F79EFBC}") = "Problem 2", "Problem 2\Problem 2.csproj", "{1089A3F1-17FE-4C5A-9F14-37926167FADD}"
EndProject
Project("{FAE04EC0-301F-11D3-BF4B-00C04F79EFBC}") = "Problem 3", "Problem 3\Problem 3.csproj", "{FA6C0ECA-AB2D-4BFF-9BBD-6230D4B5577A}"
EndProject
Project("{FAE04EC0-301F-11D3-BF4B-00C04F79EFBC}") = "Problem 7", "Problem 7\Problem 7.csproj", "{E6DE7D66-0EB4-4338-A293-20B3F3378A3D}"
EndProject
Global
	GlobalSection(SolutionConfigurationPlatforms) = preSolution
		Debug|Any CPU = Debug|Any CPU
		Debug|x64 = Debug|x64
		Debug|x86 = Debug|x86
		Release|Any CPU = Release|Any CPU
		Release|x64 = Release|x64
		Release|x86 = Release|x86
	EndGlobalSection
	GlobalSection(ProjectConfigurationPlatforms) = postSolution
		{D276B445-71B5-4AB9-8136-CFC58E0203AB}.Debug|Any CPU.ActiveCfg = Debug|Any CPU
		{D276B445-71B5-4AB9-8136-CFC58E0203AB}.Debug|Any CPU.Build.0 = Debug|Any CPU
		{D276B445-71B5-4AB9-8136-CFC58E0203AB}.Debug|x64.ActiveCfg = Debug|Any CPU
		{D276B445-71B5-4AB9-8136-CFC58E0203AB}.Debug|x64.Build.0 = Debug|Any CPU
		{D276B445-71B5-4AB9-8136-CFC58E0203AB}.Debug|x86.ActiveCfg = Debug|Any CPU
		{D276B445-71B5-4AB9-8136-CFC58E0203AB}.Debug|x86.Build.0 = Debug|Any CPU
		{D276B445-71B5-4AB9-8136-CFC58E0203AB}.Release|Any CPU.ActiveCfg = Release|Any CPU
		{D276B445-71B5-4AB9-8136-CFC58E0203AB}.Release|Any CPU.Build.0 = Release|Any CPU
		{D276B445-71B5-4AB9-8136-CFC58E0203AB}.Release|x64.ActiveCfg = Release|Any CPU
		{D276B445-71B5-4AB9-8136-CFC58E0203AB}.Release|x64.Build.0 = Release|Any CPU
		{D276B445-71B5-4AB9-8136-CFC58E0203AB}.Release|x86.ActiveCfg = Release|Any CPU
		{D276B445-71B5-4AB9-8136-CFC58E0203AB}.Release|x86.Build.0 = Release|Any CPU
		{1089A3F1-17FE-4C5A-9F14-37926167FADD}.Debug|Any CPU.ActiveCfg = Debug|Any CPU
		{1089A3F1-17FE-4C5A-9F14-37926167FADD}.Debug|Any CPU.Build.0 = Debug|Any CPU
		{1089A3F1-17FE-4C5A-9F14-37926167FADD}.Debug|x64.ActiveCfg = Debug|Any CPU
		{1089A3F1-17FE-4C5A-9F14-37926167FADD}.Debug|x64.Build.0 = Debug|Any CPU
		{1089A3F1-17FE-4C5A-9F14-37926167FADD}.Debug|x86.ActiveCfg = Debug|Any CPU
		{1089A3F1-17FE-4C5A-9F14-37926167FADD}.Debug|x86.Build.0 = Debug|Any CPU
		{1089A3F1-17FE-4C5A-9F14-37926167FADD}.Release|Any CPU.ActiveCfg = Release|Any CPU
		{1089A3F1-17FE-4C5A-9F14-37926167FADD}.Release|Any CPU.Build.0 = Release|Any CPU
		{1089A3F1-17FE-4C5A-9F14-37926167FADD}.Release|x64.ActiveCfg = Release|Any CPU
		{1089A3F1-17FE-4C5A-9F14-37926167FADD}.Release|x64.Build.0 = Release|Any CPU
		{1089A3F1-17FE-4C5A-9F14-37926167FADD}.Release|x86.ActiveCfg = Release|Any CPU
		{1089A3F1-17FE-4C5A-9F14-37926167FADD}.Release|x86.Build.0 = Release|Any CPU
		{FA6C0ECA-AB2D-4BFF-9BBD-6230D4B5577A}.Debug|Any CPU.ActiveCfg = Debug|Any CPU
		{FA6C0ECA-AB2D-4BFF-9BBD-6230D4B5577A}.Debug|Any CPU.Build.0 = Debug|Any CPU
		{FA6C0ECA-AB2D-4BFF-9BBD-6230D4B5577A}.Debug|x64.ActiveCfg = Debug|Any CPU
		{FA6C0ECA-AB2D-4BFF-9BBD-6230D4B5577A}.Debug|x64.Build.0 = Debug|Any CPU
		{FA6C0ECA-AB2D-4BFF-9BBD-6230D4B5577A}.Debug|x86.ActiveCfg = Debug|Any CPU
		{FA6C0ECA-AB2D-4BFF-9BBD-6230D4B5577A}.Debug|x86.Build.0 = Debug|Any CPU
		{FA6C0ECA-AB2D-4BFF-9BBD-6230D4B5577A}.Release|Any CPU.ActiveCfg = Release|Any CPU
		{FA6C0ECA-AB2D-4BFF-9BBD-6230D4B5577A}.Release|Any CPU.Build.0 = Release|Any CPU
		{FA6C0ECA-AB2D-4BFF-9BBD-6230D4B5577A}.Release|x64.ActiveCfg = Release|Any CPU
		{FA6C0ECA-AB2D-4BFF-9BBD-6230D4B5577A}.Release|x64.Build.0 = Release|Any CPU
		{FA6C0ECA-AB2D-4BFF-9BBD-6230D4B5577A}.Release|x86.ActiveCfg = Release|Any CPU
		{FA6C0ECA-AB2D-4BFF-9BBD-6230D4B5577A}.Release|x86.Build.0 = Release|Any CPU
		{E6DE7D66-0EB4-4338-A293-20B3F3378A3D}.Debug|Any CPU.ActiveCfg = Debug|Any CPU
		{E6DE7D66-0EB4-4338-A293-20B3F3378A3D}.Debug|Any CPU.Build.0 = Debug|Any CPU
		{E6DE7D66-0EB4-4338-A293-20B3F3378A3D}.Debug|x64.ActiveCfg = Debug|Any CPU
		{E6DE7D66-0EB4-4338-A293-20B3F3378A3D}.Debug|x64.Build.0 = Debug|Any CPU
		{E6DE7D66-0EB4-4338-A293-20B3F3378A3D}.Debug|x86.ActiveCfg = Debug|Any CPU
		{E6DE7D66-0EB4-4338-A293-20B3F3378A3D}.Debug|x86.Build.0 = Debug|Any CPU
		{E6DE7D66-0EB4-4338-A293-20B3F3378A3D}.Release|Any CPU.ActiveCfg = Release|Any CPU
		{E6DE7D66-0EB4-4338-A293-20B3F3378A3D}.Release|Any CPU.Build.0 = Release|Any CPU
		{E6DE7D66-0EB4-4338-A293-20B3F3378A3D}.Release|x64.ActiveCfg = Release|Any CPU
		{E6DE7D66-0EB4-4338-A293-20B3F3378A3D}.Release|x64.Build.0 = Release|Any CPU
		{E6DE7D66-0EB4-4338-A293-20B3F3378A3D}.Release|x86.ActiveCfg = Release|Any CPU
		{E6DE7D66-0EB4-4338-A293-20B3F3378A3D}.Release|x86.Build.0 = Release|Any CPU
	EndGlobalSection
	GlobalSection(SolutionProperties) = preSolution
		HideSolutionNode = FALSE
	EndGlobalSection
	GlobalSection(ExtensibilityGlobals) = postSolution
		SolutionGuid = {36646A52-96A4-4D02-A049-78847C9E8B9C}
	EndGlobalSection
EndGlobal
